
Microsoft Visual Studio Solution File, Format Version 12.00
# Visual Studio 15
VisualStudioVersion = 15.0.27004.2010
MinimumVisualStudioVersion = 10.0.40219.1
Project("{9A19103F-16F7-4668-BE54-9A1E7A4F7556}") = "Infrastructure", "Infrastructure\Infrastructure.csproj", "{B3C246CA-CE59-444B-8AB4-ED6B28D1958C}"
EndProject
Project("{9A19103F-16F7-4668-BE54-9A1E7A4F7556}") = "SharedSettings", "SharedSettings\SharedSettings.csproj", "{B334EE66-3B64-4246-BCA1-113C8A183B65}"
EndProject
Project("{9A19103F-16F7-4668-BE54-9A1E7A4F7556}") = "AuthorizationServer", "AuthorizationServer\AuthorizationServer.csproj", "{FF229421-E564-4EFA-A697-6A9072ED51E7}"
EndProject
Project("{2150E333-8FDC-42A3-9474-1A3956D46DE8}") = "Sales", "Sales", "{19EB3317-5B98-47CC-95ED-F56B39C000DE}"
EndProject
Project("{9A19103F-16F7-4668-BE54-9A1E7A4F7556}") = "SalesApi.Web", "SalesApi.Web\SalesApi.Web.csproj", "{1A4B4E15-1672-44CC-8553-2B60093E74F4}"
EndProject
Project("{9A19103F-16F7-4668-BE54-9A1E7A4F7556}") = "SalesApi.DataContext", "SalesApi.DataContext\SalesApi.DataContext.csproj", "{899226EA-7FF2-4702-ABD6-B42A0F9E7F0C}"
EndProject
Project("{2150E333-8FDC-42A3-9474-1A3956D46DE8}") = "Base", "Base", "{900FB085-E20A-49BB-8019-14C29BCC58C0}"
EndProject
Project("{9A19103F-16F7-4668-BE54-9A1E7A4F7556}") = "SalesApi.Models", "SalesApi.Models\SalesApi.Models.csproj", "{19F13B93-1B1B-4B2D-9DE9-D6D0C065CE78}"
EndProject
Project("{9A19103F-16F7-4668-BE54-9A1E7A4F7556}") = "SalesApi.Repositories", "SalesApi.Repositories\SalesApi.Repositories.csproj", "{D1AB1D0E-6555-449F-A89C-32B915C3B913}"
EndProject
Project("{9A19103F-16F7-4668-BE54-9A1E7A4F7556}") = "SalesApi.Services", "SalesApi.Services\SalesApi.Services.csproj", "{D4F2BB75-BD27-402C-A246-27E63AC51B06}"
EndProject
Project("{9A19103F-16F7-4668-BE54-9A1E7A4F7556}") = "SalesApi.ViewModels", "SalesApi.ViewModels\SalesApi.ViewModels.csproj", "{9DAB75B1-6CB9-4BDC-A663-74978B4F4F8E}"
EndProject
Project("{2150E333-8FDC-42A3-9474-1A3956D46DE8}") = "IdentityServer", "IdentityServer", "{61819E07-31B6-42D7-95CB-1F19311EF27B}"
EndProject
Project("{9A19103F-16F7-4668-BE54-9A1E7A4F7556}") = "SalesApi.Shared", "SalesApi.Shared\SalesApi.Shared.csproj", "{87345A55-B2AC-476B-A2AC-B0FBA89197C1}"
EndProject
Global
	GlobalSection(SolutionConfigurationPlatforms) = preSolution
		Debug|Any CPU = Debug|Any CPU
		Release|Any CPU = Release|Any CPU
	EndGlobalSection
	GlobalSection(ProjectConfigurationPlatforms) = postSolution
		{B3C246CA-CE59-444B-8AB4-ED6B28D1958C}.Debug|Any CPU.ActiveCfg = Debug|Any CPU
		{B3C246CA-CE59-444B-8AB4-ED6B28D1958C}.Debug|Any CPU.Build.0 = Debug|Any CPU
		{B3C246CA-CE59-444B-8AB4-ED6B28D1958C}.Release|Any CPU.ActiveCfg = Release|Any CPU
		{B3C246CA-CE59-444B-8AB4-ED6B28D1958C}.Release|Any CPU.Build.0 = Release|Any CPU
		{B334EE66-3B64-4246-BCA1-113C8A183B65}.Debug|Any CPU.ActiveCfg = Debug|Any CPU
		{B334EE66-3B64-4246-BCA1-113C8A183B65}.Debug|Any CPU.Build.0 = Debug|Any CPU
		{B334EE66-3B64-4246-BCA1-113C8A183B65}.Release|Any CPU.ActiveCfg = Release|Any CPU
		{B334EE66-3B64-4246-BCA1-113C8A183B65}.Release|Any CPU.Build.0 = Release|Any CPU
		{FF229421-E564-4EFA-A697-6A9072ED51E7}.Debug|Any CPU.ActiveCfg = Debug|Any CPU
		{FF229421-E564-4EFA-A697-6A9072ED51E7}.Debug|Any CPU.Build.0 = Debug|Any CPU
		{FF229421-E564-4EFA-A697-6A9072ED51E7}.Release|Any CPU.ActiveCfg = Release|Any CPU
		{FF229421-E564-4EFA-A697-6A9072ED51E7}.Release|Any CPU.Build.0 = Release|Any CPU
		{1A4B4E15-1672-44CC-8553-2B60093E74F4}.Debug|Any CPU.ActiveCfg = Debug|Any CPU
		{1A4B4E15-1672-44CC-8553-2B60093E74F4}.Debug|Any CPU.Build.0 = Debug|Any CPU
		{1A4B4E15-1672-44CC-8553-2B60093E74F4}.Release|Any CPU.ActiveCfg = Release|Any CPU
		{1A4B4E15-1672-44CC-8553-2B60093E74F4}.Release|Any CPU.Build.0 = Release|Any CPU
		{899226EA-7FF2-4702-ABD6-B42A0F9E7F0C}.Debug|Any CPU.ActiveCfg = Debug|Any CPU
		{899226EA-7FF2-4702-ABD6-B42A0F9E7F0C}.Debug|Any CPU.Build.0 = Debug|Any CPU
		{899226EA-7FF2-4702-ABD6-B42A0F9E7F0C}.Release|Any CPU.ActiveCfg = Release|Any CPU
		{899226EA-7FF2-4702-ABD6-B42A0F9E7F0C}.Release|Any CPU.Build.0 = Release|Any CPU
		{19F13B93-1B1B-4B2D-9DE9-D6D0C065CE78}.Debug|Any CPU.ActiveCfg = Debug|Any CPU
		{19F13B93-1B1B-4B2D-9DE9-D6D0C065CE78}.Debug|Any CPU.Build.0 = Debug|Any CPU
		{19F13B93-1B1B-4B2D-9DE9-D6D0C065CE78}.Release|Any CPU.ActiveCfg = Release|Any CPU
		{19F13B93-1B1B-4B2D-9DE9-D6D0C065CE78}.Release|Any CPU.Build.0 = Release|Any CPU
		{D1AB1D0E-6555-449F-A89C-32B915C3B913}.Debug|Any CPU.ActiveCfg = Debug|Any CPU
		{D1AB1D0E-6555-449F-A89C-32B915C3B913}.Debug|Any CPU.Build.0 = Debug|Any CPU
		{D1AB1D0E-6555-449F-A89C-32B915C3B913}.Release|Any CPU.ActiveCfg = Release|Any CPU
		{D1AB1D0E-6555-449F-A89C-32B915C3B913}.Release|Any CPU.Build.0 = Release|Any CPU
		{D4F2BB75-BD27-402C-A246-27E63AC51B06}.Debug|Any CPU.ActiveCfg = Debug|Any CPU
		{D4F2BB75-BD27-402C-A246-27E63AC51B06}.Debug|Any CPU.Build.0 = Debug|Any CPU
		{D4F2BB75-BD27-402C-A246-27E63AC51B06}.Release|Any CPU.ActiveCfg = Release|Any CPU
		{D4F2BB75-BD27-402C-A246-27E63AC51B06}.Release|Any CPU.Build.0 = Release|Any CPU
		{9DAB75B1-6CB9-4BDC-A663-74978B4F4F8E}.Debug|Any CPU.ActiveCfg = Debug|Any CPU
		{9DAB75B1-6CB9-4BDC-A663-74978B4F4F8E}.Debug|Any CPU.Build.0 = Debug|Any CPU
		{9DAB75B1-6CB9-4BDC-A663-74978B4F4F8E}.Release|Any CPU.ActiveCfg = Release|Any CPU
		{9DAB75B1-6CB9-4BDC-A663-74978B4F4F8E}.Release|Any CPU.Build.0 = Release|Any CPU
		{87345A55-B2AC-476B-A2AC-B0FBA89197C1}.Debug|Any CPU.ActiveCfg = Debug|Any CPU
		{87345A55-B2AC-476B-A2AC-B0FBA89197C1}.Debug|Any CPU.Build.0 = Debug|Any CPU
		{87345A55-B2AC-476B-A2AC-B0FBA89197C1}.Release|Any CPU.ActiveCfg = Release|Any CPU
		{87345A55-B2AC-476B-A2AC-B0FBA89197C1}.Release|Any CPU.Build.0 = Release|Any CPU
	EndGlobalSection
	GlobalSection(SolutionProperties) = preSolution
		HideSolutionNode = FALSE
	EndGlobalSection
	GlobalSection(NestedProjects) = preSolution
		{B3C246CA-CE59-444B-8AB4-ED6B28D1958C} = {900FB085-E20A-49BB-8019-14C29BCC58C0}
		{B334EE66-3B64-4246-BCA1-113C8A183B65} = {900FB085-E20A-49BB-8019-14C29BCC58C0}
		{FF229421-E564-4EFA-A697-6A9072ED51E7} = {61819E07-31B6-42D7-95CB-1F19311EF27B}
		{1A4B4E15-1672-44CC-8553-2B60093E74F4} = {19EB3317-5B98-47CC-95ED-F56B39C000DE}
		{899226EA-7FF2-4702-ABD6-B42A0F9E7F0C} = {19EB3317-5B98-47CC-95ED-F56B39C000DE}
		{19F13B93-1B1B-4B2D-9DE9-D6D0C065CE78} = {19EB3317-5B98-47CC-95ED-F56B39C000DE}
		{D1AB1D0E-6555-449F-A89C-32B915C3B913} = {19EB3317-5B98-47CC-95ED-F56B39C000DE}
		{D4F2BB75-BD27-402C-A246-27E63AC51B06} = {19EB3317-5B98-47CC-95ED-F56B39C000DE}
		{9DAB75B1-6CB9-4BDC-A663-74978B4F4F8E} = {19EB3317-5B98-47CC-95ED-F56B39C000DE}
		{87345A55-B2AC-476B-A2AC-B0FBA89197C1} = {19EB3317-5B98-47CC-95ED-F56B39C000DE}
	EndGlobalSection
	GlobalSection(ExtensibilityGlobals) = postSolution
		SolutionGuid = {89124B6C-8758-4F3D-A37C-EB9EDC520D8E}
	EndGlobalSection
EndGlobal
